Microsoft Visual Studio Solution File, Format Version 11.00
# Visual Studio 2008

Project("{27CFCDB7-7470-3600-A9C0-D1962602BB10}") = "Character Control", "Assembly-CSharp.csproj", "{FF526DD6-E20D-E41F-E87C-8CCED9FBEF42}"
EndProject
Global
	GlobalSection(SolutionConfigurationPlatforms) = preSolution
		Debug|Any CPU = Debug|Any CPU
		Release|Any CPU = Release|Any CPU
	EndGlobalSection
	GlobalSection(ProjectConfigurationPlatforms) = postSolution
		{FF526DD6-E20D-E41F-E87C-8CCED9FBEF42}.Debug|Any CPU.ActiveCfg = Debug|Any CPU
		{FF526DD6-E20D-E41F-E87C-8CCED9FBEF42}.Debug|Any CPU.Build.0 = Debug|Any CPU
		{FF526DD6-E20D-E41F-E87C-8CCED9FBEF42}.Release|Any CPU.ActiveCfg = Release|Any CPU
		{FF526DD6-E20D-E41F-E87C-8CCED9FBEF42}.Release|Any CPU.Build.0 = Release|Any CPU
	EndGlobalSection
	GlobalSection(SolutionProperties) = preSolution
		HideSolutionNode = FALSE
	EndGlobalSection
																																																																																			GlobalSection(MonoDevelopProperties) = preSolution
		StartupItem = Assembly-CSharp.csproj
	EndGlobalSection

EndGlobal
