
Microsoft Visual Studio Solution File, Format Version 12.00
# Visual Studio 2015
Project("{FAE04EC0-301F-11D3-BF4B-00C04F79EFBC}") = "2D Platformer.CSharp", "2D Platformer.CSharp.csproj", "{D04EA08A-244A-F2B4-9B86-9DAAD750B830}"
EndProject
Global
	GlobalSection(SolutionConfigurationPlatforms) = preSolution
		Debug|Any CPU = Debug|Any CPU
		Release|Any CPU = Release|Any CPU
	EndGlobalSection
	GlobalSection(ProjectConfigurationPlatforms) = postSolution
		{D04EA08A-244A-F2B4-9B86-9DAAD750B830}.Debug|Any CPU.ActiveCfg = Debug|Any CPU
		{D04EA08A-244A-F2B4-9B86-9DAAD750B830}.Debug|Any CPU.Build.0 = Debug|Any CPU
		{D04EA08A-244A-F2B4-9B86-9DAAD750B830}.Release|Any CPU.ActiveCfg = Release|Any CPU
		{D04EA08A-244A-F2B4-9B86-9DAAD750B830}.Release|Any CPU.Build.0 = Release|Any CPU
	EndGlobalSection
	GlobalSection(SolutionProperties) = preSolution
		HideSolutionNode = FALSE
	EndGlobalSection
EndGlobal
